
Microsoft Visual Studio Solution File, Format Version 12.00
# Visual Studio Version 16
VisualStudioVersion = 16.0.29806.167
MinimumVisualStudioVersion = 10.0.40219.1
Project("{2150E333-8FDC-42A3-9474-1A3956D46DE8}") = "Solution Items", "Solution Items", "{BA2D1A42-DB9A-4E54-A640-387B353A5226}"
	ProjectSection(SolutionItems) = preProject
		Manual de WPF.pdf = Manual de WPF.pdf
	EndProjectSection
EndProject
Project("{FAE04EC0-301F-11D3-BF4B-00C04F79EFBC}") = "Demos", "Demos\Demos.csproj", "{FB20F43B-50BE-4F3B-B301-EB1B46610AB5}"
	ProjectSection(ProjectDependencies) = postProject
		{7ACD24BB-DDD0-4B58-AC29-1C56484BE246} = {7ACD24BB-DDD0-4B58-AC29-1C56484BE246}
	EndProjectSection
EndProject
Project("{FAE04EC0-301F-11D3-BF4B-00C04F79EFBC}") = "Nevegacion", "Nevegacion\Nevegacion.csproj", "{54F03A17-2830-4232-B591-B9E527454B91}"
EndProject
Project("{FAE04EC0-301F-11D3-BF4B-00C04F79EFBC}") = "Calculadora", "Calculadora\Calculadora.csproj", "{A0CB0D3F-549D-4A9F-87F5-6CFED7CD217F}"
EndProject
Project("{FAE04EC0-301F-11D3-BF4B-00C04F79EFBC}") = "GUINavegacion", "GUINavegacion\GUINavegacion.csproj", "{0E68B380-B311-4384-ADE0-0754F0D802AC}"
EndProject
Project("{2150E333-8FDC-42A3-9474-1A3956D46DE8}") = "1. Presentation", "1. Presentation", "{255542A2-47D3-494F-909F-250B27296480}"
EndProject
Project("{2150E333-8FDC-42A3-9474-1A3956D46DE8}") = "Web", "Web", "{6CC8771A-C56A-4ED4-B650-92CFBDAE4964}"
EndProject
Project("{2150E333-8FDC-42A3-9474-1A3956D46DE8}") = "WPF", "WPF", "{2CC9493F-F1FF-40E2-9E9B-E3D8E2D9B558}"
EndProject
Project("{2150E333-8FDC-42A3-9474-1A3956D46DE8}") = "UWP", "UWP", "{D63C24B1-BA37-4D0F-9FE2-B62316B0B21C}"
EndProject
Project("{2150E333-8FDC-42A3-9474-1A3956D46DE8}") = "2. Domains", "2. Domains", "{C2CD9F16-F147-4122-883E-D850D6D25F8A}"
EndProject
Project("{2150E333-8FDC-42A3-9474-1A3956D46DE8}") = "2.1 Entities", "2.1 Entities", "{6C994BFC-7C33-44D5-8225-CE6CA4C914F8}"
EndProject
Project("{2150E333-8FDC-42A3-9474-1A3956D46DE8}") = "2.2 Services", "2.2 Services", "{297F56E9-99D2-41C5-BD66-136D7AD806CC}"
EndProject
Project("{2150E333-8FDC-42A3-9474-1A3956D46DE8}") = "3. Infraestructure", "3. Infraestructure", "{B3E06AC6-F9F6-46E4-ABA6-58F9C25157C1}"
EndProject
Project("{FAE04EC0-301F-11D3-BF4B-00C04F79EFBC}") = "Datos", "Datos\Datos.csproj", "{8E2D2E41-F0A8-4D94-88D8-2A0E605C0778}"
EndProject
Project("{FAE04EC0-301F-11D3-BF4B-00C04F79EFBC}") = "Entidades", "Entidades\Entidades.csproj", "{15907B44-6D42-4A7E-8659-9EBC19432D76}"
EndProject
Project("{FAE04EC0-301F-11D3-BF4B-00C04F79EFBC}") = "WcfServices", "WcfServices\WcfServices.csproj", "{7ACD24BB-DDD0-4B58-AC29-1C56484BE246}"
EndProject
Global
	GlobalSection(SolutionConfigurationPlatforms) = preSolution
		Debug|Any CPU = Debug|Any CPU
		Release|Any CPU = Release|Any CPU
	EndGlobalSection
	GlobalSection(ProjectConfigurationPlatforms) = postSolution
		{FB20F43B-50BE-4F3B-B301-EB1B46610AB5}.Debug|Any CPU.ActiveCfg = Debug|Any CPU
		{FB20F43B-50BE-4F3B-B301-EB1B46610AB5}.Debug|Any CPU.Build.0 = Debug|Any CPU
		{FB20F43B-50BE-4F3B-B301-EB1B46610AB5}.Release|Any CPU.ActiveCfg = Release|Any CPU
		{FB20F43B-50BE-4F3B-B301-EB1B46610AB5}.Release|Any CPU.Build.0 = Release|Any CPU
		{54F03A17-2830-4232-B591-B9E527454B91}.Debug|Any CPU.ActiveCfg = Debug|Any CPU
		{54F03A17-2830-4232-B591-B9E527454B91}.Debug|Any CPU.Build.0 = Debug|Any CPU
		{54F03A17-2830-4232-B591-B9E527454B91}.Release|Any CPU.ActiveCfg = Release|Any CPU
		{54F03A17-2830-4232-B591-B9E527454B91}.Release|Any CPU.Build.0 = Release|Any CPU
		{A0CB0D3F-549D-4A9F-87F5-6CFED7CD217F}.Debug|Any CPU.ActiveCfg = Debug|Any CPU
		{A0CB0D3F-549D-4A9F-87F5-6CFED7CD217F}.Debug|Any CPU.Build.0 = Debug|Any CPU
		{A0CB0D3F-549D-4A9F-87F5-6CFED7CD217F}.Release|Any CPU.ActiveCfg = Release|Any CPU
		{A0CB0D3F-549D-4A9F-87F5-6CFED7CD217F}.Release|Any CPU.Build.0 = Release|Any CPU
		{0E68B380-B311-4384-ADE0-0754F0D802AC}.Debug|Any CPU.ActiveCfg = Debug|Any CPU
		{0E68B380-B311-4384-ADE0-0754F0D802AC}.Debug|Any CPU.Build.0 = Debug|Any CPU
		{0E68B380-B311-4384-ADE0-0754F0D802AC}.Release|Any CPU.ActiveCfg = Release|Any CPU
		{0E68B380-B311-4384-ADE0-0754F0D802AC}.Release|Any CPU.Build.0 = Release|Any CPU
		{8E2D2E41-F0A8-4D94-88D8-2A0E605C0778}.Debug|Any CPU.ActiveCfg = Debug|Any CPU
		{8E2D2E41-F0A8-4D94-88D8-2A0E605C0778}.Debug|Any CPU.Build.0 = Debug|Any CPU
		{8E2D2E41-F0A8-4D94-88D8-2A0E605C0778}.Release|Any CPU.ActiveCfg = Release|Any CPU
		{8E2D2E41-F0A8-4D94-88D8-2A0E605C0778}.Release|Any CPU.Build.0 = Release|Any CPU
		{15907B44-6D42-4A7E-8659-9EBC19432D76}.Debug|Any CPU.ActiveCfg = Debug|Any CPU
		{15907B44-6D42-4A7E-8659-9EBC19432D76}.Debug|Any CPU.Build.0 = Debug|Any CPU
		{15907B44-6D42-4A7E-8659-9EBC19432D76}.Release|Any CPU.ActiveCfg = Release|Any CPU
		{15907B44-6D42-4A7E-8659-9EBC19432D76}.Release|Any CPU.Build.0 = Release|Any CPU
		{7ACD24BB-DDD0-4B58-AC29-1C56484BE246}.Debug|Any CPU.ActiveCfg = Debug|Any CPU
		{7ACD24BB-DDD0-4B58-AC29-1C56484BE246}.Debug|Any CPU.Build.0 = Debug|Any CPU
		{7ACD24BB-DDD0-4B58-AC29-1C56484BE246}.Release|Any CPU.ActiveCfg = Release|Any CPU
		{7ACD24BB-DDD0-4B58-AC29-1C56484BE246}.Release|Any CPU.Build.0 = Release|Any CPU
	EndGlobalSection
	GlobalSection(SolutionProperties) = preSolution
		HideSolutionNode = FALSE
	EndGlobalSection
	GlobalSection(NestedProjects) = preSolution
		{6CC8771A-C56A-4ED4-B650-92CFBDAE4964} = {255542A2-47D3-494F-909F-250B27296480}
		{2CC9493F-F1FF-40E2-9E9B-E3D8E2D9B558} = {255542A2-47D3-494F-909F-250B27296480}
		{D63C24B1-BA37-4D0F-9FE2-B62316B0B21C} = {255542A2-47D3-494F-909F-250B27296480}
		{6C994BFC-7C33-44D5-8225-CE6CA4C914F8} = {C2CD9F16-F147-4122-883E-D850D6D25F8A}
		{297F56E9-99D2-41C5-BD66-136D7AD806CC} = {C2CD9F16-F147-4122-883E-D850D6D25F8A}
		{8E2D2E41-F0A8-4D94-88D8-2A0E605C0778} = {B3E06AC6-F9F6-46E4-ABA6-58F9C25157C1}
		{15907B44-6D42-4A7E-8659-9EBC19432D76} = {6C994BFC-7C33-44D5-8225-CE6CA4C914F8}
		{7ACD24BB-DDD0-4B58-AC29-1C56484BE246} = {6CC8771A-C56A-4ED4-B650-92CFBDAE4964}
	EndGlobalSection
	GlobalSection(ExtensibilityGlobals) = postSolution
		SolutionGuid = {7CF333B7-9234-4DC5-A2B5-D0385F474E44}
	EndGlobalSection
EndGlobal
