
Microsoft Visual Studio Solution File, Format Version 12.00
# Visual Studio Version 16
VisualStudioVersion = 16.0.29806.167
MinimumVisualStudioVersion = 10.0.40219.1
Project("{2150E333-8FDC-42A3-9474-1A3956D46DE8}") = "Solution Items", "Solution Items", "{BA2D1A42-DB9A-4E54-A640-387B353A5226}"
	ProjectSection(SolutionItems) = preProject
		Manual de WPF.pdf = Manual de WPF.pdf
	EndProjectSection
EndProject
Global
	GlobalSection(SolutionProperties) = preSolution
		HideSolutionNode = FALSE
	EndGlobalSection
	GlobalSection(ExtensibilityGlobals) = postSolution
		SolutionGuid = {7CF333B7-9234-4DC5-A2B5-D0385F474E44}
	EndGlobalSection
EndGlobal
